
Microsoft Visual Studio Solution File, Format Version 12.00
# Visual Studio Version 17
VisualStudioVersion = 17.10.35122.118
MinimumVisualStudioVersion = 10.0.40219.1
Project("{FAE04EC0-301F-11D3-BF4B-00C04F79EFBC}") = "AI_HealthcareChatbot", "AI_HealthcareChatbot\AI_HealthcareChatbot.csproj", "{5C29F3BE-4398-47F7-AA37-31FDC53A96A1}"
EndProject
Global
	GlobalSection(SolutionConfigurationPlatforms) = preSolution
		Debug|Any CPU = Debug|Any CPU
		Release|Any CPU = Release|Any CPU
	EndGlobalSection
	GlobalSection(ProjectConfigurationPlatforms) = postSolution
		{5C29F3BE-4398-47F7-AA37-31FDC53A96A1}.Debug|Any CPU.ActiveCfg = Debug|Any CPU
		{5C29F3BE-4398-47F7-AA37-31FDC53A96A1}.Debug|Any CPU.Build.0 = Debug|Any CPU
		{5C29F3BE-4398-47F7-AA37-31FDC53A96A1}.Release|Any CPU.ActiveCfg = Release|Any CPU
		{5C29F3BE-4398-47F7-AA37-31FDC53A96A1}.Release|Any CPU.Build.0 = Release|Any CPU
	EndGlobalSection
	GlobalSection(SolutionProperties) = preSolution
		HideSolutionNode = FALSE
	EndGlobalSection
	GlobalSection(ExtensibilityGlobals) = postSolution
		SolutionGuid = {FA8F9341-09A9-434E-8A45-30ED91FB1B03}
	EndGlobalSection
EndGlobal
